
Microsoft Visual Studio Solution File, Format Version 12.00
# Visual Studio Version 17
VisualStudioVersion = 17.6.33801.468
MinimumVisualStudioVersion = 10.0.40219.1
Project("{FAE04EC0-301F-11D3-BF4B-00C04F79EFBC}") = "POO_TP3_Ejercicio1.Consola", "POO_TP3_Ejercicio1.Consola\POO_TP3_Ejercicio1.Consola.csproj", "{9A0FDF8F-ABEF-4BE0-9E26-0C514FDD9775}"
EndProject
Project("{FAE04EC0-301F-11D3-BF4B-00C04F79EFBC}") = "POO_TP3_Ejercicio1.Entidades", "POO_TP3_Ejercicio1.Entidades\POO_TP3_Ejercicio1.Entidades.csproj", "{54F52E6D-2E3B-4438-B824-C0455626284A}"
EndProject
Project("{FAE04EC0-301F-11D3-BF4B-00C04F79EFBC}") = "POO_TP3_Ejercicio1.Windows", "POO_TP3_Ejercicio1.Windows\POO_TP3_Ejercicio1.Windows.csproj", "{16D18795-0A6C-4C85-819F-1DB5B2CE0D75}"
EndProject
Global
	GlobalSection(SolutionConfigurationPlatforms) = preSolution
		Debug|Any CPU = Debug|Any CPU
		Release|Any CPU = Release|Any CPU
	EndGlobalSection
	GlobalSection(ProjectConfigurationPlatforms) = postSolution
		{9A0FDF8F-ABEF-4BE0-9E26-0C514FDD9775}.Debug|Any CPU.ActiveCfg = Debug|Any CPU
		{9A0FDF8F-ABEF-4BE0-9E26-0C514FDD9775}.Debug|Any CPU.Build.0 = Debug|Any CPU
		{9A0FDF8F-ABEF-4BE0-9E26-0C514FDD9775}.Release|Any CPU.ActiveCfg = Release|Any CPU
		{9A0FDF8F-ABEF-4BE0-9E26-0C514FDD9775}.Release|Any CPU.Build.0 = Release|Any CPU
		{54F52E6D-2E3B-4438-B824-C0455626284A}.Debug|Any CPU.ActiveCfg = Debug|Any CPU
		{54F52E6D-2E3B-4438-B824-C0455626284A}.Debug|Any CPU.Build.0 = Debug|Any CPU
		{54F52E6D-2E3B-4438-B824-C0455626284A}.Release|Any CPU.ActiveCfg = Release|Any CPU
		{54F52E6D-2E3B-4438-B824-C0455626284A}.Release|Any CPU.Build.0 = Release|Any CPU
		{16D18795-0A6C-4C85-819F-1DB5B2CE0D75}.Debug|Any CPU.ActiveCfg = Debug|Any CPU
		{16D18795-0A6C-4C85-819F-1DB5B2CE0D75}.Debug|Any CPU.Build.0 = Debug|Any CPU
		{16D18795-0A6C-4C85-819F-1DB5B2CE0D75}.Release|Any CPU.ActiveCfg = Release|Any CPU
		{16D18795-0A6C-4C85-819F-1DB5B2CE0D75}.Release|Any CPU.Build.0 = Release|Any CPU
	EndGlobalSection
	GlobalSection(SolutionProperties) = preSolution
		HideSolutionNode = FALSE
	EndGlobalSection
	GlobalSection(ExtensibilityGlobals) = postSolution
		SolutionGuid = {051D3DBF-64FA-41E2-B0F8-1B2B75AA89C4}
	EndGlobalSection
EndGlobal
